// !$*UTF8*$!
{
	archiveVersion = 1;
	classes = {
	};
	objectVersion = 50;
	objects = {

/* Begin PBXBuildFile section */
		A83EFBC520BFF32A004B3376 /* AppDelegate.swift in Sources */ = {isa = PBXBuildFile; fileRef = A83EFBC420BFF32A004B3376 /* AppDelegate.swift */; };
		A83EFBC720BFF32A004B3376 /* ViewController.swift in Sources */ = {isa = PBXBuildFile; fileRef = A83EFBC620BFF32A004B3376 /* ViewController.swift */; };
		A83EFBCA20BFF32A004B3376 /* Main.storyboard in Resources */ = {isa = PBXBuildFile; fileRef = A83EFBC820BFF32A004B3376 /* Main.storyboard */; };
		A83EFBCC20BFF32B004B3376 /* Assets.xcassets in Resources */ = {isa = PBXBuildFile; fileRef = A83EFBCB20BFF32B004B3376 /* Assets.xcassets */; };
		A83EFBCF20BFF32B004B3376 /* LaunchScreen.storyboard in Resources */ = {isa = PBXBuildFile; fileRef = A83EFBCD20BFF32B004B3376 /* LaunchScreen.storyboard */; };
		A83EFBDA20BFF32B004B3376 /* DemoViewTests.swift in Sources */ = {isa = PBXBuildFile; fileRef = A83EFBD920BFF32B004B3376 /* DemoViewTests.swift */; };
		A83EFBE520BFF32B004B3376 /* DemoViewUITests.swift in Sources */ = {isa = PBXBuildFile; fileRef = A83EFBE420BFF32B004B3376 /* DemoViewUITests.swift */; };
		A8C296A320C8403D009EAFCD /* header.png in Resources */ = {isa = PBXBuildFile; fileRef = A8C296A220C8403D009EAFCD /* header.png */; };
		A8CA938B20C00138003FF8CE /* layout.bundle in Resources */ = {isa = PBXBuildFile; fileRef = A8CA938A20C00138003FF8CE /* layout.bundle */; };
		A8FDA2DF20CA5C82005883EC /* XMLHelper.swift in Sources */ = {isa = PBXBuildFile; fileRef = A8FDA2DC20CA5C82005883EC /* XMLHelper.swift */; };
		A8FDA2E020CA5C82005883EC /* XMLViewLayout.swift in Sources */ = {isa = PBXBuildFile; fileRef = A8FDA2DD20CA5C82005883EC /* XMLViewLayout.swift */; };
		A8FDA2E120CA5C82005883EC /* UtilsExtension.swift in Sources */ = {isa = PBXBuildFile; fileRef = A8FDA2DE20CA5C82005883EC /* UtilsExtension.swift */; };
		A8FDA2E320CA5C9C005883EC /* EditViewController.swift in Sources */ = {isa = PBXBuildFile; fileRef = A8FDA2E220CA5C9C005883EC /* EditViewController.swift */; };
/* End PBXBuildFile section */

/* Begin PBXContainerItemProxy section */
		A83EFBD620BFF32B004B3376 /* PBXContainerItemProxy */ = {
			isa = PBXContainerItemProxy;
			containerPortal = A83EFBB920BFF32A004B3376 /* Project object */;
			proxyType = 1;
			remoteGlobalIDString = A83EFBC020BFF32A004B3376;
			remoteInfo = DemoView;
		};
		A83EFBE120BFF32B004B3376 /* PBXContainerItemProxy */ = {
			isa = PBXContainerItemProxy;
			containerPortal = A83EFBB920BFF32A004B3376 /* Project object */;
			proxyType = 1;
			remoteGlobalIDString = A83EFBC020BFF32A004B3376;
			remoteInfo = DemoView;
		};
/* End PBXContainerItemProxy section */

/* Begin PBXFileReference section */
		A83EFBC120BFF32A004B3376 /* DemoView.app */ = {isa = PBXFileReference; explicitFileType = wrapper.application; includeInIndex = 0; path = DemoView.app; sourceTree = BUILT_PRODUCTS_DIR; };
		A83EFBC420BFF32A004B3376 /* AppDelegate.swift */ = {isa = PBXFileReference; lastKnownFileType = sourcecode.swift; path = AppDelegate.swift; sourceTree = "<group>"; };
		A83EFBC620BFF32A004B3376 /* ViewController.swift */ = {isa = PBXFileReference; lastKnownFileType = sourcecode.swift; path = ViewController.swift; sourceTree = "<group>"; };
		A83EFBC920BFF32A004B3376 /* Base */ = {isa = PBXFileReference; lastKnownFileType = file.storyboard; name = Base; path = Base.lproj/Main.storyboard; sourceTree = "<group>"; };
		A83EFBCB20BFF32B004B3376 /* Assets.xcassets */ = {isa = PBXFileReference; lastKnownFileType = folder.assetcatalog; path = Assets.xcassets; sourceTree = "<group>"; };
		A83EFBCE20BFF32B004B3376 /* Base */ = {isa = PBXFileReference; lastKnownFileType = file.storyboard; name = Base; path = Base.lproj/LaunchScreen.storyboard; sourceTree = "<group>"; };
		A83EFBD020BFF32B004B3376 /* Info.plist */ = {isa = PBXFileReference; lastKnownFileType = text.plist.xml; path = Info.plist; sourceTree = "<group>"; };
		A83EFBD520BFF32B004B3376 /* DemoViewTests.xctest */ = {isa = PBXFileReference; explicitFileType = wrapper.cfbundle; includeInIndex = 0; path = DemoViewTests.xctest; sourceTree = BUILT_PRODUCTS_DIR; };
		A83EFBD920BFF32B004B3376 /* DemoViewTests.swift */ = {isa = PBXFileReference; lastKnownFileType = sourcecode.swift; path = DemoViewTests.swift; sourceTree = "<group>"; };
		A83EFBDB20BFF32B004B3376 /* Info.plist */ = {isa = PBXFileReference; lastKnownFileType = text.plist.xml; path = Info.plist; sourceTree = "<group>"; };
		A83EFBE020BFF32B004B3376 /* DemoViewUITests.xctest */ = {isa = PBXFileReference; explicitFileType = wrapper.cfbundle; includeInIndex = 0; path = DemoViewUITests.xctest; sourceTree = BUILT_PRODUCTS_DIR; };
		A83EFBE420BFF32B004B3376 /* DemoViewUITests.swift */ = {isa = PBXFileReference; lastKnownFileType = sourcecode.swift; path = DemoViewUITests.swift; sourceTree = "<group>"; };
		A83EFBE620BFF32B004B3376 /* Info.plist */ = {isa = PBXFileReference; lastKnownFileType = text.plist.xml; path = Info.plist; sourceTree = "<group>"; };
		A8C296A220C8403D009EAFCD /* header.png */ = {isa = PBXFileReference; lastKnownFileType = image.png; path = header.png; sourceTree = "<group>"; };
		A8CA938A20C00138003FF8CE /* layout.bundle */ = {isa = PBXFileReference; lastKnownFileType = "wrapper.plug-in"; path = layout.bundle; sourceTree = "<group>"; };
		A8FDA2DC20CA5C82005883EC /* XMLHelper.swift */ = {isa = PBXFileReference; fileEncoding = 4; lastKnownFileType = sourcecode.swift; path = XMLHelper.swift; sourceTree = "<group>"; };
		A8FDA2DD20CA5C82005883EC /* XMLViewLayout.swift */ = {isa = PBXFileReference; fileEncoding = 4; lastKnownFileType = sourcecode.swift; path = XMLViewLayout.swift; sourceTree = "<group>"; };
		A8FDA2DE20CA5C82005883EC /* UtilsExtension.swift */ = {isa = PBXFileReference; fileEncoding = 4; lastKnownFileType = sourcecode.swift; path = UtilsExtension.swift; sourceTree = "<group>"; };
		A8FDA2E220CA5C9C005883EC /* EditViewController.swift */ = {isa = PBXFileReference; lastKnownFileType = sourcecode.swift; path = EditViewController.swift; sourceTree = "<group>"; };
/* End PBXFileReference section */

/* Begin PBXFrameworksBuildPhase section */
		A83EFBBE20BFF32A004B3376 /* Frameworks */ = {
			isa = PBXFrameworksBuildPhase;
			buildActionMask = 2147483647;
			files = (
			);
			runOnlyForDeploymentPostprocessing = 0;
		};
		A83EFBD220BFF32B004B3376 /* Frameworks */ = {
			isa = PBXFrameworksBuildPhase;
			buildActionMask = 2147483647;
			files = (
			);
			runOnlyForDeploymentPostprocessing = 0;
		};
		A83EFBDD20BFF32B004B3376 /* Frameworks */ = {
			isa = PBXFrameworksBuildPhase;
			buildActionMask = 2147483647;
			files = (
			);
			runOnlyForDeploymentPostprocessing = 0;
		};
/* End PBXFrameworksBuildPhase section */

/* Begin PBXGroup section */
		A83EFBB820BFF32A004B3376 = {
			isa = PBXGroup;
			children = (
				A83EFBC320BFF32A004B3376 /* DemoView */,
				A83EFBD820BFF32B004B3376 /* DemoViewTests */,
				A83EFBE320BFF32B004B3376 /* DemoViewUITests */,
				A83EFBC220BFF32A004B3376 /* Products */,
			);
			sourceTree = "<group>";
		};
		A83EFBC220BFF32A004B3376 /* Products */ = {
			isa = PBXGroup;
			children = (
				A83EFBC120BFF32A004B3376 /* DemoView.app */,
				A83EFBD520BFF32B004B3376 /* DemoViewTests.xctest */,
				A83EFBE020BFF32B004B3376 /* DemoViewUITests.xctest */,
			);
			name = Products;
			sourceTree = "<group>";
		};
		A83EFBC320BFF32A004B3376 /* DemoView */ = {
			isa = PBXGroup;
			children = (
				A8FDA2DB20CA5C82005883EC /* XMLView */,
				A8C296A120C8403D009EAFCD /* resources */,
				A83EFBC420BFF32A004B3376 /* AppDelegate.swift */,
				A83EFBC620BFF32A004B3376 /* ViewController.swift */,
				A8FDA2E220CA5C9C005883EC /* EditViewController.swift */,
				A8CA938A20C00138003FF8CE /* layout.bundle */,
				A83EFBC820BFF32A004B3376 /* Main.storyboard */,
				A83EFBCB20BFF32B004B3376 /* Assets.xcassets */,
				A83EFBCD20BFF32B004B3376 /* LaunchScreen.storyboard */,
				A83EFBD020BFF32B004B3376 /* Info.plist */,
			);
			path = DemoView;
			sourceTree = "<group>";
		};
		A83EFBD820BFF32B004B3376 /* DemoViewTests */ = {
			isa = PBXGroup;
			children = (
				A83EFBD920BFF32B004B3376 /* DemoViewTests.swift */,
				A83EFBDB20BFF32B004B3376 /* Info.plist */,
			);
			path = DemoViewTests;
			sourceTree = "<group>";
		};
		A83EFBE320BFF32B004B3376 /* DemoViewUITests */ = {
			isa = PBXGroup;
			children = (
				A83EFBE420BFF32B004B3376 /* DemoViewUITests.swift */,
				A83EFBE620BFF32B004B3376 /* Info.plist */,
			);
			path = DemoViewUITests;
			sourceTree = "<group>";
		};
		A8C296A120C8403D009EAFCD /* resources */ = {
			isa = PBXGroup;
			children = (
				A8C296A220C8403D009EAFCD /* header.png */,
			);
			path = resources;
			sourceTree = "<group>";
		};
		A8FDA2DB20CA5C82005883EC /* XMLView */ = {
			isa = PBXGroup;
			children = (
				A8FDA2DC20CA5C82005883EC /* XMLHelper.swift */,
				A8FDA2DD20CA5C82005883EC /* XMLViewLayout.swift */,
				A8FDA2DE20CA5C82005883EC /* UtilsExtension.swift */,
			);
			path = XMLView;
			sourceTree = "<group>";
		};
/* End PBXGroup section */

/* Begin PBXNativeTarget section */
		A83EFBC020BFF32A004B3376 /* DemoView */ = {
			isa = PBXNativeTarget;
			buildConfigurationList = A83EFBE920BFF32B004B3376 /* Build configuration list for PBXNativeTarget "DemoView" */;
			buildPhases = (
				A83EFBBD20BFF32A004B3376 /* Sources */,
				A83EFBBE20BFF32A004B3376 /* Frameworks */,
				A83EFBBF20BFF32A004B3376 /* Resources */,
			);
			buildRules = (
			);
			dependencies = (
			);
			name = DemoView;
			productName = DemoView;
			productReference = A83EFBC120BFF32A004B3376 /* DemoView.app */;
			productType = "com.apple.product-type.application";
		};
		A83EFBD420BFF32B004B3376 /* DemoViewTests */ = {
			isa = PBXNativeTarget;
			buildConfigurationList = A83EFBEC20BFF32B004B3376 /* Build configuration list for PBXNativeTarget "DemoViewTests" */;
			buildPhases = (
				A83EFBD120BFF32B004B3376 /* Sources */,
				A83EFBD220BFF32B004B3376 /* Frameworks */,
				A83EFBD320BFF32B004B3376 /* Resources */,
			);
			buildRules = (
			);
			dependencies = (
				A83EFBD720BFF32B004B3376 /* PBXTargetDependency */,
			);
			name = DemoViewTests;
			productName = DemoViewTests;
			productReference = A83EFBD520BFF32B004B3376 /* DemoViewTests.xctest */;
			productType = "com.apple.product-type.bundle.unit-test";
		};
		A83EFBDF20BFF32B004B3376 /* DemoViewUITests */ = {
			isa = PBXNativeTarget;
			buildConfigurationList = A83EFBEF20BFF32B004B3376 /* Build configuration list for PBXNativeTarget "DemoViewUITests" */;
			buildPhases = (
				A83EFBDC20BFF32B004B3376 /* Sources */,
				A83EFBDD20BFF32B004B3376 /* Frameworks */,
				A83EFBDE20BFF32B004B3376 /* Resources */,
			);
			buildRules = (
			);
			dependencies = (
				A83EFBE220BFF32B004B3376 /* PBXTargetDependency */,
			);
			name = DemoViewUITests;
			productName = DemoViewUITests;
			productReference = A83EFBE020BFF32B004B3376 /* DemoViewUITests.xctest */;
			productType = "com.apple.product-type.bundle.ui-testing";
		};
/* End PBXNativeTarget section */

/* Begin PBXProject section */
		A83EFBB920BFF32A004B3376 /* Project object */ = {
			isa = PBXProject;
			attributes = {
				LastSwiftUpdateCheck = 0940;
				LastUpgradeCheck = 0940;
				ORGANIZATIONNAME = xiaominfc;
				TargetAttributes = {
					A83EFBC020BFF32A004B3376 = {
						CreatedOnToolsVersion = 9.4;
					};
					A83EFBD420BFF32B004B3376 = {
						CreatedOnToolsVersion = 9.4;
						TestTargetID = A83EFBC020BFF32A004B3376;
					};
					A83EFBDF20BFF32B004B3376 = {
						CreatedOnToolsVersion = 9.4;
						TestTargetID = A83EFBC020BFF32A004B3376;
					};
				};
			};
			buildConfigurationList = A83EFBBC20BFF32A004B3376 /* Build configuration list for PBXProject "DemoView" */;
			compatibilityVersion = "Xcode 9.3";
			developmentRegion = en;
			hasScannedForEncodings = 0;
			knownRegions = (
				en,
				Base,
			);
			mainGroup = A83EFBB820BFF32A004B3376;
			productRefGroup = A83EFBC220BFF32A004B3376 /* Products */;
			projectDirPath = "";
			projectRoot = "";
			targets = (
				A83EFBC020BFF32A004B3376 /* DemoView */,
				A83EFBD420BFF32B004B3376 /* DemoViewTests */,
				A83EFBDF20BFF32B004B3376 /* DemoViewUITests */,
			);
		};
/* End PBXProject section */

/* Begin PBXResourcesBuildPhase section */
		A83EFBBF20BFF32A004B3376 /* Resources */ = {
			isa = PBXResourcesBuildPhase;
			buildActionMask = 2147483647;
			files = (
				A83EFBCF20BFF32B004B3376 /* LaunchScreen.storyboard in Resources */,
				A83EFBCC20BFF32B004B3376 /* Assets.xcassets in Resources */,
				A83EFBCA20BFF32A004B3376 /* Main.storyboard in Resources */,
				A8C296A320C8403D009EAFCD /* header.png in Resources */,
				A8CA938B20C00138003FF8CE /* layout.bundle in Resources */,
			);
			runOnlyForDeploymentPostprocessing = 0;
		};
		A83EFBD320BFF32B004B3376 /* Resources */ = {
			isa = PBXResourcesBuildPhase;
			buildActionMask = 2147483647;
			files = (
			);
			runOnlyForDeploymentPostprocessing = 0;
		};
		A83EFBDE20BFF32B004B3376 /* Resources */ = {
			isa = PBXResourcesBuildPhase;
			buildActionMask = 2147483647;
			files = (
			);
			runOnlyForDeploymentPostprocessing = 0;
		};
/* End PBXResourcesBuildPhase section */

/* Begin PBXSourcesBuildPhase section */
		A83EFBBD20BFF32A004B3376 /* Sources */ = {
			isa = PBXSourcesBuildPhase;
			buildActionMask = 2147483647;
			files = (
				A8FDA2E020CA5C82005883EC /* XMLViewLayout.swift in Sources */,
				A83EFBC720BFF32A004B3376 /* ViewController.swift in Sources */,
				A8FDA2E320CA5C9C005883EC /* EditViewController.swift in Sources */,
				A8FDA2E120CA5C82005883EC /* UtilsExtension.swift in Sources */,
				A8FDA2DF20CA5C82005883EC /* XMLHelper.swift in Sources */,
				A83EFBC520BFF32A004B3376 /* AppDelegate.swift in Sources */,
			);
			runOnlyForDeploymentPostprocessing = 0;
		};
		A83EFBD120BFF32B004B3376 /* Sources */ = {
			isa = PBXSourcesBuildPhase;
			buildActionMask = 2147483647;
			files = (
				A83EFBDA20BFF32B004B3376 /* DemoViewTests.swift in Sources */,
			);
			runOnlyForDeploymentPostprocessing = 0;
		};
		A83EFBDC20BFF32B004B3376 /* Sources */ = {
			isa = PBXSourcesBuildPhase;
			buildActionMask = 2147483647;
			files = (
				A83EFBE520BFF32B004B3376 /* DemoViewUITests.swift in Sources */,
			);
			runOnlyForDeploymentPostprocessing = 0;
		};
/* End PBXSourcesBuildPhase section */

/* Begin PBXTargetDependency section */
		A83EFBD720BFF32B004B3376 /* PBXTargetDependency */ = {
			isa = PBXTargetDependency;
			target = A83EFBC020BFF32A004B3376 /* DemoView */;
			targetProxy = A83EFBD620BFF32B004B3376 /* PBXContainerItemProxy */;
		};
		A83EFBE220BFF32B004B3376 /* PBXTargetDependency */ = {
			isa = PBXTargetDependency;
			target = A83EFBC020BFF32A004B3376 /* DemoView */;
			targetProxy = A83EFBE120BFF32B004B3376 /* PBXContainerItemProxy */;
		};
/* End PBXTargetDependency section */

/* Begin PBXVariantGroup section */
		A83EFBC820BFF32A004B3376 /* Main.storyboard */ = {
			isa = PBXVariantGroup;
			children = (
				A83EFBC920BFF32A004B3376 /* Base */,
			);
			name = Main.storyboard;
			sourceTree = "<group>";
		};
		A83EFBCD20BFF32B004B3376 /* LaunchScreen.storyboard */ = {
			isa = PBXVariantGroup;
			children = (
				A83EFBCE20BFF32B004B3376 /* Base */,
			);
			name = LaunchScreen.storyboard;
			sourceTree = "<group>";
		};
/* End PBXVariantGroup section */

/* Begin XCBuildConfiguration section */
		A83EFBE720BFF32B004B3376 /* Debug */ = {
			isa = XCBuildConfiguration;
			buildSettings = {
				ALWAYS_SEARCH_USER_PATHS = NO;
				CLANG_ANALYZER_NONNULL = YES;
				CLANG_ANALYZER_NUMBER_OBJECT_CONVERSION = YES_AGGRESSIVE;
				CLANG_CXX_LANGUAGE_STANDARD = "gnu++14";
				CLANG_CXX_LIBRARY = "libc++";
				CLANG_ENABLE_MODULES = YES;
				CLANG_ENABLE_OBJC_ARC = YES;
				CLANG_ENABLE_OBJC_WEAK = YES;
				CLANG_WARN_BLOCK_CAPTURE_AUTORELEASING = YES;
				CLANG_WARN_BOOL_CONVERSION = YES;
				CLANG_WARN_COMMA = YES;
				CLANG_WARN_CONSTANT_CONVERSION = YES;
				CLANG_WARN_DEPRECATED_OBJC_IMPLEMENTATIONS = YES;
				CLANG_WARN_DIRECT_OBJC_ISA_USAGE = YES_ERROR;
				CLANG_WARN_DOCUMENTATION_COMMENTS = YES;
				CLANG_WARN_EMPTY_BODY = YES;
				CLANG_WARN_ENUM_CONVERSION = YES;
				CLANG_WARN_INFINITE_RECURSION = YES;
				CLANG_WARN_INT_CONVERSION = YES;
				CLANG_WARN_NON_LITERAL_NULL_CONVERSION = YES;
				CLANG_WARN_OBJC_IMPLICIT_RETAIN_SELF = YES;
				CLANG_WARN_OBJC_LITERAL_CONVERSION = YES;
				CLANG_WARN_OBJC_ROOT_CLASS = YES_ERROR;
				CLANG_WARN_RANGE_LOOP_ANALYSIS = YES;
				CLANG_WARN_STRICT_PROTOTYPES = YES;
				CLANG_WARN_SUSPICIOUS_MOVE = YES;
				CLANG_WARN_UNGUARDED_AVAILABILITY = YES_AGGRESSIVE;
				CLANG_WARN_UNREACHABLE_CODE = YES;
				CLANG_WARN__DUPLICATE_METHOD_MATCH = YES;
				CODE_SIGN_IDENTITY = "iPhone Developer";
				COPY_PHASE_STRIP = NO;
				DEBUG_INFORMATION_FORMAT = dwarf;
				ENABLE_STRICT_OBJC_MSGSEND = YES;
				ENABLE_TESTABILITY = YES;
				GCC_C_LANGUAGE_STANDARD = gnu11;
				GCC_DYNAMIC_NO_PIC = NO;
				GCC_NO_COMMON_BLOCKS = YES;
				GCC_OPTIMIZATION_LEVEL = 0;
				GCC_PREPROCESSOR_DEFINITIONS = (
					"DEBUG=1",
					"$(inherited)",
				);
				GCC_WARN_64_TO_32_BIT_CONVERSION = YES;
				GCC_WARN_ABOUT_RETURN_TYPE = YES_ERROR;
				GCC_WARN_UNDECLARED_SELECTOR = YES;
				GCC_WARN_UNINITIALIZED_AUTOS = YES_AGGRESSIVE;
				GCC_WARN_UNUSED_FUNCTION = YES;
				GCC_WARN_UNUSED_VARIABLE = YES;
				IPHONEOS_DEPLOYMENT_TARGET = 11.4;
				MTL_ENABLE_DEBUG_INFO = YES;
				ONLY_ACTIVE_ARCH = YES;
				SDKROOT = iphoneos;
				SWIFT_ACTIVE_COMPILATION_CONDITIONS = DEBUG;
				SWIFT_OPTIMIZATION_LEVEL = "-Onone";
			};
			name = Debug;
		};
		A83EFBE820BFF32B004B3376 /* Release */ = {
			isa = XCBuildConfiguration;
			buildSettings = {
				ALWAYS_SEARCH_USER_PATHS = NO;
				CLANG_ANALYZER_NONNULL = YES;
				CLANG_ANALYZER_NUMBER_OBJECT_CONVERSION = YES_AGGRESSIVE;
				CLANG_CXX_LANGUAGE_STANDARD = "gnu++14";
				CLANG_CXX_LIBRARY = "libc++";
				CLANG_ENABLE_MODULES = YES;
				CLANG_ENABLE_OBJC_ARC = YES;
				CLANG_ENABLE_OBJC_WEAK = YES;
				CLANG_WARN_BLOCK_CAPTURE_AUTORELEASING = YES;
				CLANG_WARN_BOOL_CONVERSION = YES;
				CLANG_WARN_COMMA = YES;
				CLANG_WARN_CONSTANT_CONVERSION = YES;
				CLANG_WARN_DEPRECATED_OBJC_IMPLEMENTATIONS = YES;
				CLANG_WARN_DIRECT_OBJC_ISA_USAGE = YES_ERROR;
				CLANG_WARN_DOCUMENTATION_COMMENTS = YES;
				CLANG_WARN_EMPTY_BODY = YES;
				CLANG_WARN_ENUM_CONVERSION = YES;
				CLANG_WARN_INFINITE_RECURSION = YES;
				CLANG_WARN_INT_CONVERSION = YES;
				CLANG_WARN_NON_LITERAL_NULL_CONVERSION = YES;
				CLANG_WARN_OBJC_IMPLICIT_RETAIN_SELF = YES;
				CLANG_WARN_OBJC_LITERAL_CONVERSION = YES;
				CLANG_WARN_OBJC_ROOT_CLASS = YES_ERROR;
				CLANG_WARN_RANGE_LOOP_ANALYSIS = YES;
				CLANG_WARN_STRICT_PROTOTYPES = YES;
				CLANG_WARN_SUSPICIOUS_MOVE = YES;
				CLANG_WARN_UNGUARDED_AVAILABILITY = YES_AGGRESSIVE;
				CLANG_WARN_UNREACHABLE_CODE = YES;
				CLANG_WARN__DUPLICATE_METHOD_MATCH = YES;
				CODE_SIGN_IDENTITY = "iPhone Developer";
				COPY_PHASE_STRIP = NO;
				DEBUG_INFORMATION_FORMAT = "dwarf-with-dsym";
				ENABLE_NS_ASSERTIONS = NO;
				ENABLE_STRICT_OBJC_MSGSEND = YES;
				GCC_C_LANGUAGE_STANDARD = gnu11;
				GCC_NO_COMMON_BLOCKS = YES;
				GCC_WARN_64_TO_32_BIT_CONVERSION = YES;
				GCC_WARN_ABOUT_RETURN_TYPE = YES_ERROR;
				GCC_WARN_UNDECLARED_SELECTOR = YES;
				GCC_WARN_UNINITIALIZED_AUTOS = YES_AGGRESSIVE;
				GCC_WARN_UNUSED_FUNCTION = YES;
				GCC_WARN_UNUSED_VARIABLE = YES;
				IPHONEOS_DEPLOYMENT_TARGET = 11.4;
				MTL_ENABLE_DEBUG_INFO = NO;
				SDKROOT = iphoneos;
				SWIFT_COMPILATION_MODE = wholemodule;
				SWIFT_OPTIMIZATION_LEVEL = "-O";
				VALIDATE_PRODUCT = YES;
			};
			name = Release;
		};
		A83EFBEA20BFF32B004B3376 /* Debug */ = {
			isa = XCBuildConfiguration;
			buildSettings = {
				ASSETCATALOG_COMPILER_APPICON_NAME = AppIcon;
				CODE_SIGN_STYLE = Automatic;
				DEVELOPMENT_TEAM = X5X6ZXN55A;
				HEADER_SEARCH_PATHS = "$(SDKROOT)/usr/include/libxml2";
				INFOPLIST_FILE = DemoView/Info.plist;
				LD_RUNPATH_SEARCH_PATHS = (
					"$(inherited)",
					"@executable_path/Frameworks",
				);
				OTHER_LDFLAGS = "-lxml2";
				PRODUCT_BUNDLE_IDENTIFIER = com.xiaominfc.DemoView;
				PRODUCT_NAME = "$(TARGET_NAME)";
				SWIFT_VERSION = 4.0;
				TARGETED_DEVICE_FAMILY = "1,2";
			};
			name = Debug;
		};
		A83EFBEB20BFF32B004B3376 /* Release */ = {
			isa = XCBuildConfiguration;
			buildSettings = {
				ASSETCATALOG_COMPILER_APPICON_NAME = AppIcon;
				CODE_SIGN_STYLE = Automatic;
				DEVELOPMENT_TEAM = X5X6ZXN55A;
				HEADER_SEARCH_PATHS = "$(SDKROOT)/usr/include/libxml2";
				INFOPLIST_FILE = DemoView/Info.plist;
				LD_RUNPATH_SEARCH_PATHS = (
					"$(inherited)",
					"@executable_path/Frameworks",
				);
				OTHER_LDFLAGS = "-lxml2";
				PRODUCT_BUNDLE_IDENTIFIER = com.xiaominfc.DemoView;
				PRODUCT_NAME = "$(TARGET_NAME)";
				SWIFT_VERSION = 4.0;
				TARGETED_DEVICE_FAMILY = "1,2";
			};
			name = Release;
		};
		A83EFBED20BFF32B004B3376 /* Debug */ = {
			isa = XCBuildConfiguration;
			buildSettings = {
				ALWAYS_EMBED_SWIFT_STANDARD_LIBRARIES = YES;
				BUNDLE_LOADER = "$(TEST_HOST)";
				CODE_SIGN_STYLE = Automatic;
				DEVELOPMENT_TEAM = X5X6ZXN55A;
				INFOPLIST_FILE = DemoViewTests/Info.plist;
				LD_RUNPATH_SEARCH_PATHS = (
					"$(inherited)",
					"@executable_path/Frameworks",
					"@loader_path/Frameworks",
				);
				PRODUCT_BUNDLE_IDENTIFIER = com.xiaominfc.DemoViewTests;
				PRODUCT_NAME = "$(TARGET_NAME)";
				SWIFT_VERSION = 4.0;
				TARGETED_DEVICE_FAMILY = "1,2";
				TEST_HOST = "$(BUILT_PRODUCTS_DIR)/DemoView.app/DemoView";
			};
			name = Debug;
		};
		A83EFBEE20BFF32B004B3376 /* Release */ = {
			isa = XCBuildConfiguration;
			buildSettings = {
				ALWAYS_EMBED_SWIFT_STANDARD_LIBRARIES = YES;
				BUNDLE_LOADER = "$(TEST_HOST)";
				CODE_SIGN_STYLE = Automatic;
				DEVELOPMENT_TEAM = X5X6ZXN55A;
				INFOPLIST_FILE = DemoViewTests/Info.plist;
				LD_RUNPATH_SEARCH_PATHS = (
					"$(inherited)",
					"@executable_path/Frameworks",
					"@loader_path/Frameworks",
				);
				PRODUCT_BUNDLE_IDENTIFIER = com.xiaominfc.DemoViewTests;
				PRODUCT_NAME = "$(TARGET_NAME)";
				SWIFT_VERSION = 4.0;
				TARGETED_DEVICE_FAMILY = "1,2";
				TEST_HOST = "$(BUILT_PRODUCTS_DIR)/DemoView.app/DemoView";
			};
			name = Release;
		};
		A83EFBF020BFF32B004B3376 /* Debug */ = {
			isa = XCBuildConfiguration;
			buildSettings = {
				ALWAYS_EMBED_SWIFT_STANDARD_LIBRARIES = YES;
				CODE_SIGN_STYLE = Automatic;
				DEVELOPMENT_TEAM = X5X6ZXN55A;
				INFOPLIST_FILE = DemoViewUITests/Info.plist;
				LD_RUNPATH_SEARCH_PATHS = (
					"$(inherited)",
					"@executable_path/Frameworks",
					"@loader_path/Frameworks",
				);
				PRODUCT_BUNDLE_IDENTIFIER = com.xiaominfc.DemoViewUITests;
				PRODUCT_NAME = "$(TARGET_NAME)";
				SWIFT_VERSION = 4.0;
				TARGETED_DEVICE_FAMILY = "1,2";
				TEST_TARGET_NAME = DemoView;
			};
			name = Debug;
		};
		A83EFBF120BFF32B004B3376 /* Release */ = {
			isa = XCBuildConfiguration;
			buildSettings = {
				ALWAYS_EMBED_SWIFT_STANDARD_LIBRARIES = YES;
				CODE_SIGN_STYLE = Automatic;
				DEVELOPMENT_TEAM = X5X6ZXN55A;
				INFOPLIST_FILE = DemoViewUITests/Info.plist;
				LD_RUNPATH_SEARCH_PATHS = (
					"$(inherited)",
					"@executable_path/Frameworks",
					"@loader_path/Frameworks",
				);
				PRODUCT_BUNDLE_IDENTIFIER = com.xiaominfc.DemoViewUITests;
				PRODUCT_NAME = "$(TARGET_NAME)";
				SWIFT_VERSION = 4.0;
				TARGETED_DEVICE_FAMILY = "1,2";
				TEST_TARGET_NAME = DemoView;
			};
			name = Release;
		};
/* End XCBuildConfiguration section */

/* Begin XCConfigurationList section */
		A83EFBBC20BFF32A004B3376 /* Build configuration list for PBXProject "DemoView" */ = {
			isa = XCConfigurationList;
			buildConfigurations = (
				A83EFBE720BFF32B004B3376 /* Debug */,
				A83EFBE820BFF32B004B3376 /* Release */,
			);
			defaultConfigurationIsVisible = 0;
			defaultConfigurationName = Release;
		};
		A83EFBE920BFF32B004B3376 /* Build configuration list for PBXNativeTarget "DemoView" */ = {
			isa = XCConfigurationList;
			buildConfigurations = (
				A83EFBEA20BFF32B004B3376 /* Debug */,
				A83EFBEB20BFF32B004B3376 /* Release */,
			);
			defaultConfigurationIsVisible = 0;
			defaultConfigurationName = Release;
		};
		A83EFBEC20BFF32B004B3376 /* Build configuration list for PBXNativeTarget "DemoViewTests" */ = {
			isa = XCConfigurationList;
			buildConfigurations = (
				A83EFBED20BFF32B004B3376 /* Debug */,
				A83EFBEE20BFF32B004B3376 /* Release */,
			);
			defaultConfigurationIsVisible = 0;
			defaultConfigurationName = Release;
		};
		A83EFBEF20BFF32B004B3376 /* Build configuration list for PBXNativeTarget "DemoViewUITests" */ = {
			isa = XCConfigurationList;
			buildConfigurations = (
				A83EFBF020BFF32B004B3376 /* Debug */,
				A83EFBF120BFF32B004B3376 /* Release */,
			);
			defaultConfigurationIsVisible = 0;
			defaultConfigurationName = Release;
		};
/* End XCConfigurationList section */
	};
	rootObject = A83EFBB920BFF32A004B3376 /* Project object */;
}
